
Microsoft Visual Studio Solution File, Format Version 12.00
# Visual Studio Version 16
VisualStudioVersion = 16.0.31605.320
MinimumVisualStudioVersion = 10.0.40219.1
Project("{FAE04EC0-301F-11D3-BF4B-00C04F79EFBC}") = "ConsoleApp1", "ConsoleApp1.csproj", "{6817457C-E009-45AB-833A-D85801215E13}"
EndProject
Global
	GlobalSection(SolutionConfigurationPlatforms) = preSolution
		Debug|Any CPU = Debug|Any CPU
		Release|Any CPU = Release|Any CPU
	EndGlobalSection
	GlobalSection(ProjectConfigurationPlatforms) = postSolution
		{6817457C-E009-45AB-833A-D85801215E13}.Debug|Any CPU.ActiveCfg = Debug|Any CPU
		{6817457C-E009-45AB-833A-D85801215E13}.Debug|Any CPU.Build.0 = Debug|Any CPU
		{6817457C-E009-45AB-833A-D85801215E13}.Release|Any CPU.ActiveCfg = Release|Any CPU
		{6817457C-E009-45AB-833A-D85801215E13}.Release|Any CPU.Build.0 = Release|Any CPU
	EndGlobalSection
	GlobalSection(SolutionProperties) = preSolution
		HideSolutionNode = FALSE
	EndGlobalSection
	GlobalSection(ExtensibilityGlobals) = postSolution
		SolutionGuid = {5FF71FAA-D713-4FFF-897A-B8B894218DD6}
	EndGlobalSection
EndGlobal
